
Microsoft Visual Studio Solution File, Format Version 12.00
# Visual Studio Version 17
VisualStudioVersion = 17.1.32414.318
MinimumVisualStudioVersion = 10.0.40219.1
Project("{FAE04EC0-301F-11D3-BF4B-00C04F79EFBC}") = "Kalkulat", "Kalkulat\Kalkulat.csproj", "{49D9CB6F-1A3F-44B9-9F4E-253AB15C3BDF}"
EndProject
Global
	GlobalSection(SolutionConfigurationPlatforms) = preSolution
		Debug|Any CPU = Debug|Any CPU
		Release|Any CPU = Release|Any CPU
	EndGlobalSection
	GlobalSection(ProjectConfigurationPlatforms) = postSolution
		{49D9CB6F-1A3F-44B9-9F4E-253AB15C3BDF}.Debug|Any CPU.ActiveCfg = Debug|Any CPU
		{49D9CB6F-1A3F-44B9-9F4E-253AB15C3BDF}.Debug|Any CPU.Build.0 = Debug|Any CPU
		{49D9CB6F-1A3F-44B9-9F4E-253AB15C3BDF}.Release|Any CPU.ActiveCfg = Release|Any CPU
		{49D9CB6F-1A3F-44B9-9F4E-253AB15C3BDF}.Release|Any CPU.Build.0 = Release|Any CPU
	EndGlobalSection
	GlobalSection(SolutionProperties) = preSolution
		HideSolutionNode = FALSE
	EndGlobalSection
	GlobalSection(ExtensibilityGlobals) = postSolution
		SolutionGuid = {48AA621E-D419-4755-8272-3E89D3C0256B}
	EndGlobalSection
EndGlobal
